
Microsoft Visual Studio Solution File, Format Version 12.00
Project("{FAE04EC0-301F-11D3-BF4B-00C04F79EFBC}") = "Hospital", "Hospital\Hospital.csproj", "{AB56A4DA-5409-4908-81AA-C133B6D63349}"
EndProject
Project("{FAE04EC0-301F-11D3-BF4B-00C04F79EFBC}") = "Hospital.SharedLib", "Hospital.SharedLib\Hospital.SharedLib.csproj", "{0BEBB091-95A3-4ADF-9367-628AA44064A7}"
EndProject
Project("{FAE04EC0-301F-11D3-BF4B-00C04F79EFBC}") = "AccountSerivice", "AccountSerivice\AccountSerivice.csproj", "{170B8897-E054-4EA8-996B-67D27F7C24F0}"
EndProject
Project("{FAE04EC0-301F-11D3-BF4B-00C04F79EFBC}") = "PersonService", "PersonService\PersonService.csproj", "{C39728E4-872F-4E70-A457-EAC0BA522401}"
EndProject
Project("{FAE04EC0-301F-11D3-BF4B-00C04F79EFBC}") = "DoctorCheckupsService", "DoctorCheckupsService\DoctorCheckupsService.csproj", "{D663174F-9740-449D-9D6D-15F3646B1F79}"
EndProject
Global
	GlobalSection(SolutionConfigurationPlatforms) = preSolution
		Debug|Any CPU = Debug|Any CPU
		Release|Any CPU = Release|Any CPU
	EndGlobalSection
	GlobalSection(ProjectConfigurationPlatforms) = postSolution
		{AB56A4DA-5409-4908-81AA-C133B6D63349}.Debug|Any CPU.ActiveCfg = Debug|Any CPU
		{AB56A4DA-5409-4908-81AA-C133B6D63349}.Debug|Any CPU.Build.0 = Debug|Any CPU
		{AB56A4DA-5409-4908-81AA-C133B6D63349}.Release|Any CPU.ActiveCfg = Release|Any CPU
		{AB56A4DA-5409-4908-81AA-C133B6D63349}.Release|Any CPU.Build.0 = Release|Any CPU
		{0BEBB091-95A3-4ADF-9367-628AA44064A7}.Debug|Any CPU.ActiveCfg = Debug|Any CPU
		{0BEBB091-95A3-4ADF-9367-628AA44064A7}.Debug|Any CPU.Build.0 = Debug|Any CPU
		{0BEBB091-95A3-4ADF-9367-628AA44064A7}.Release|Any CPU.ActiveCfg = Release|Any CPU
		{0BEBB091-95A3-4ADF-9367-628AA44064A7}.Release|Any CPU.Build.0 = Release|Any CPU
		{170B8897-E054-4EA8-996B-67D27F7C24F0}.Debug|Any CPU.ActiveCfg = Debug|Any CPU
		{170B8897-E054-4EA8-996B-67D27F7C24F0}.Debug|Any CPU.Build.0 = Debug|Any CPU
		{170B8897-E054-4EA8-996B-67D27F7C24F0}.Release|Any CPU.ActiveCfg = Release|Any CPU
		{170B8897-E054-4EA8-996B-67D27F7C24F0}.Release|Any CPU.Build.0 = Release|Any CPU
		{C39728E4-872F-4E70-A457-EAC0BA522401}.Debug|Any CPU.ActiveCfg = Debug|Any CPU
		{C39728E4-872F-4E70-A457-EAC0BA522401}.Debug|Any CPU.Build.0 = Debug|Any CPU
		{C39728E4-872F-4E70-A457-EAC0BA522401}.Release|Any CPU.ActiveCfg = Release|Any CPU
		{C39728E4-872F-4E70-A457-EAC0BA522401}.Release|Any CPU.Build.0 = Release|Any CPU
		{D663174F-9740-449D-9D6D-15F3646B1F79}.Debug|Any CPU.ActiveCfg = Debug|Any CPU
		{D663174F-9740-449D-9D6D-15F3646B1F79}.Debug|Any CPU.Build.0 = Debug|Any CPU
		{D663174F-9740-449D-9D6D-15F3646B1F79}.Release|Any CPU.ActiveCfg = Release|Any CPU
		{D663174F-9740-449D-9D6D-15F3646B1F79}.Release|Any CPU.Build.0 = Release|Any CPU
	EndGlobalSection
EndGlobal
